
Microsoft Visual Studio Solution File, Format Version 12.00
# Visual Studio Version 16
VisualStudioVersion = 16.0.30114.105
MinimumVisualStudioVersion = 10.0.40219.1
Project("{2150E333-8FDC-42A3-9474-1A3956D46DE8}") = "1-Domain", "1-Domain", "{85F582F3-5F85-4DD9-A38C-FA6ECC5A3A11}"
EndProject
Project("{FAE04EC0-301F-11D3-BF4B-00C04F79EFBC}") = "Stock-Control.Domain", "src\1-Domain\Stock-Control.Domain\Stock-Control.Domain.csproj", "{82519EFB-BF72-45AD-A3E7-A4A8B4A22B95}"
EndProject
Project("{FAE04EC0-301F-11D3-BF4B-00C04F79EFBC}") = "Stock-Control.Domain.Core", "src\1-Domain\Stock-Control.Domain.Core\Stock-Control.Domain.Core.csproj", "{3CA44610-FFA0-47F5-8F02-45AFC3B0597B}"
EndProject
Project("{2150E333-8FDC-42A3-9474-1A3956D46DE8}") = "2-Application", "2-Application", "{A36FFC95-3360-40BD-9BC4-4D42B486F61D}"
EndProject
Project("{FAE04EC0-301F-11D3-BF4B-00C04F79EFBC}") = "Stock-Control.Application", "src\2-Application\Stock-Control.Application\Stock-Control.Application.csproj", "{37ACB9BE-90D8-4FC3-89FD-A7AEA471EE8E}"
EndProject
Project("{2150E333-8FDC-42A3-9474-1A3956D46DE8}") = "3-Infrastructure", "3-Infrastructure", "{10BF7866-A99E-448D-9532-D13BC5314D66}"
EndProject
Project("{2150E333-8FDC-42A3-9474-1A3956D46DE8}") = "3.1-Data", "3.1-Data", "{5AB1FC1E-AA43-462F-B281-80F152C100C8}"
EndProject
Project("{FAE04EC0-301F-11D3-BF4B-00C04F79EFBC}") = "Stock-Control.Infra.Data", "src\3-Infrastructure\3.1-Data\Stock-Control.Infra.Data\Stock-Control.Infra.Data.csproj", "{8DFE7AAB-24D6-4A35-AB5C-2845179DDBA0}"
EndProject
Project("{2150E333-8FDC-42A3-9474-1A3956D46DE8}") = "3.2-CrossCutting", "3.2-CrossCutting", "{B4433BA5-84DB-40EA-A92D-6C26373F7977}"
EndProject
Project("{FAE04EC0-301F-11D3-BF4B-00C04F79EFBC}") = "Stock-Control.Infra.CrossCutting.Bus", "src\3-Infrastructure\3.2-CrossCutting\3.2.1-Bus\Stock-Control.Infra.CrossCutting.Bus\Stock-Control.Infra.CrossCutting.Bus.csproj", "{F2431CCE-754C-4E3E-B626-B9CB403A9AFF}"
EndProject
Project("{FAE04EC0-301F-11D3-BF4B-00C04F79EFBC}") = "Stock-Control.Infra.CrossCutting.Identity", "src\3-Infrastructure\3.2-CrossCutting\3.2.2-Identity\Stock-Control.Infra.CrossCutting.Identity\Stock-Control.Infra.CrossCutting.Identity.csproj", "{5A4A3C2E-8C2E-4E0D-B5B7-93CE01485632}"
EndProject
Project("{FAE04EC0-301F-11D3-BF4B-00C04F79EFBC}") = "Stock-Control.infra.CrossCutting.IoC", "src\3-Infrastructure\3.2-CrossCutting\3.2.3\Stock-Control.infra.CrossCutting.IoC\Stock-Control.infra.CrossCutting.IoC.csproj", "{1252E420-EB71-4DDB-91DD-6BD288ED1841}"
EndProject
Project("{2150E333-8FDC-42A3-9474-1A3956D46DE8}") = "Services", "Services", "{97067F1F-3056-4F74-B227-15EC7CADC059}"
EndProject
Project("{FAE04EC0-301F-11D3-BF4B-00C04F79EFBC}") = "Stock-Control.Services.API", "src\4-Services\Stock-Control.Services.API\Stock-Control.Services.API.csproj", "{C97301D2-86B6-4B82-BDA3-0E622E1C1F4A}"
EndProject
Project("{2150E333-8FDC-42A3-9474-1A3956D46DE8}") = "5-Commons", "5-Commons", "{5471AB9A-626E-44CB-AC5E-598E009E2BBD}"
EndProject
Project("{FAE04EC0-301F-11D3-BF4B-00C04F79EFBC}") = "Stock-Control.Commons", "src\5-Commons\Stock-Control.Commons\Stock-Control.Commons.csproj", "{C9ECBC1C-403C-44A2-904C-CE2023D294A0}"
EndProject
Project("{2150E333-8FDC-42A3-9474-1A3956D46DE8}") = "6-UI", "6-UI", "{0F972F67-3B45-4C84-8F5B-3FF8FD89C8F6}"
EndProject
Project("{FAE04EC0-301F-11D3-BF4B-00C04F79EFBC}") = "Stock-Control.UI", "src\6-UI\Stock-Control.UI\Stock-Control.UI.csproj", "{8CA26DC0-48B6-4D3A-9960-3AF09975DB77}"
EndProject
Global
	GlobalSection(SolutionConfigurationPlatforms) = preSolution
		Debug|Any CPU = Debug|Any CPU
		Debug|x64 = Debug|x64
		Debug|x86 = Debug|x86
		Release|Any CPU = Release|Any CPU
		Release|x64 = Release|x64
		Release|x86 = Release|x86
	EndGlobalSection
	GlobalSection(ProjectConfigurationPlatforms) = postSolution
		{82519EFB-BF72-45AD-A3E7-A4A8B4A22B95}.Debug|Any CPU.ActiveCfg = Debug|Any CPU
		{82519EFB-BF72-45AD-A3E7-A4A8B4A22B95}.Debug|Any CPU.Build.0 = Debug|Any CPU
		{82519EFB-BF72-45AD-A3E7-A4A8B4A22B95}.Debug|x64.ActiveCfg = Debug|Any CPU
		{82519EFB-BF72-45AD-A3E7-A4A8B4A22B95}.Debug|x64.Build.0 = Debug|Any CPU
		{82519EFB-BF72-45AD-A3E7-A4A8B4A22B95}.Debug|x86.ActiveCfg = Debug|Any CPU
		{82519EFB-BF72-45AD-A3E7-A4A8B4A22B95}.Debug|x86.Build.0 = Debug|Any CPU
		{82519EFB-BF72-45AD-A3E7-A4A8B4A22B95}.Release|Any CPU.ActiveCfg = Release|Any CPU
		{82519EFB-BF72-45AD-A3E7-A4A8B4A22B95}.Release|Any CPU.Build.0 = Release|Any CPU
		{82519EFB-BF72-45AD-A3E7-A4A8B4A22B95}.Release|x64.ActiveCfg = Release|Any CPU
		{82519EFB-BF72-45AD-A3E7-A4A8B4A22B95}.Release|x64.Build.0 = Release|Any CPU
		{82519EFB-BF72-45AD-A3E7-A4A8B4A22B95}.Release|x86.ActiveCfg = Release|Any CPU
		{82519EFB-BF72-45AD-A3E7-A4A8B4A22B95}.Release|x86.Build.0 = Release|Any CPU
		{3CA44610-FFA0-47F5-8F02-45AFC3B0597B}.Debug|Any CPU.ActiveCfg = Debug|Any CPU
		{3CA44610-FFA0-47F5-8F02-45AFC3B0597B}.Debug|Any CPU.Build.0 = Debug|Any CPU
		{3CA44610-FFA0-47F5-8F02-45AFC3B0597B}.Debug|x64.ActiveCfg = Debug|Any CPU
		{3CA44610-FFA0-47F5-8F02-45AFC3B0597B}.Debug|x64.Build.0 = Debug|Any CPU
		{3CA44610-FFA0-47F5-8F02-45AFC3B0597B}.Debug|x86.ActiveCfg = Debug|Any CPU
		{3CA44610-FFA0-47F5-8F02-45AFC3B0597B}.Debug|x86.Build.0 = Debug|Any CPU
		{3CA44610-FFA0-47F5-8F02-45AFC3B0597B}.Release|Any CPU.ActiveCfg = Release|Any CPU
		{3CA44610-FFA0-47F5-8F02-45AFC3B0597B}.Release|Any CPU.Build.0 = Release|Any CPU
		{3CA44610-FFA0-47F5-8F02-45AFC3B0597B}.Release|x64.ActiveCfg = Release|Any CPU
		{3CA44610-FFA0-47F5-8F02-45AFC3B0597B}.Release|x64.Build.0 = Release|Any CPU
		{3CA44610-FFA0-47F5-8F02-45AFC3B0597B}.Release|x86.ActiveCfg = Release|Any CPU
		{3CA44610-FFA0-47F5-8F02-45AFC3B0597B}.Release|x86.Build.0 = Release|Any CPU
		{37ACB9BE-90D8-4FC3-89FD-A7AEA471EE8E}.Debug|Any CPU.ActiveCfg = Debug|Any CPU
		{37ACB9BE-90D8-4FC3-89FD-A7AEA471EE8E}.Debug|Any CPU.Build.0 = Debug|Any CPU
		{37ACB9BE-90D8-4FC3-89FD-A7AEA471EE8E}.Debug|x64.ActiveCfg = Debug|Any CPU
		{37ACB9BE-90D8-4FC3-89FD-A7AEA471EE8E}.Debug|x64.Build.0 = Debug|Any CPU
		{37ACB9BE-90D8-4FC3-89FD-A7AEA471EE8E}.Debug|x86.ActiveCfg = Debug|Any CPU
		{37ACB9BE-90D8-4FC3-89FD-A7AEA471EE8E}.Debug|x86.Build.0 = Debug|Any CPU
		{37ACB9BE-90D8-4FC3-89FD-A7AEA471EE8E}.Release|Any CPU.ActiveCfg = Release|Any CPU
		{37ACB9BE-90D8-4FC3-89FD-A7AEA471EE8E}.Release|Any CPU.Build.0 = Release|Any CPU
		{37ACB9BE-90D8-4FC3-89FD-A7AEA471EE8E}.Release|x64.ActiveCfg = Release|Any CPU
		{37ACB9BE-90D8-4FC3-89FD-A7AEA471EE8E}.Release|x64.Build.0 = Release|Any CPU
		{37ACB9BE-90D8-4FC3-89FD-A7AEA471EE8E}.Release|x86.ActiveCfg = Release|Any CPU
		{37ACB9BE-90D8-4FC3-89FD-A7AEA471EE8E}.Release|x86.Build.0 = Release|Any CPU
		{8DFE7AAB-24D6-4A35-AB5C-2845179DDBA0}.Debug|Any CPU.ActiveCfg = Debug|Any CPU
		{8DFE7AAB-24D6-4A35-AB5C-2845179DDBA0}.Debug|Any CPU.Build.0 = Debug|Any CPU
		{8DFE7AAB-24D6-4A35-AB5C-2845179DDBA0}.Debug|x64.ActiveCfg = Debug|Any CPU
		{8DFE7AAB-24D6-4A35-AB5C-2845179DDBA0}.Debug|x64.Build.0 = Debug|Any CPU
		{8DFE7AAB-24D6-4A35-AB5C-2845179DDBA0}.Debug|x86.ActiveCfg = Debug|Any CPU
		{8DFE7AAB-24D6-4A35-AB5C-2845179DDBA0}.Debug|x86.Build.0 = Debug|Any CPU
		{8DFE7AAB-24D6-4A35-AB5C-2845179DDBA0}.Release|Any CPU.ActiveCfg = Release|Any CPU
		{8DFE7AAB-24D6-4A35-AB5C-2845179DDBA0}.Release|Any CPU.Build.0 = Release|Any CPU
		{8DFE7AAB-24D6-4A35-AB5C-2845179DDBA0}.Release|x64.ActiveCfg = Release|Any CPU
		{8DFE7AAB-24D6-4A35-AB5C-2845179DDBA0}.Release|x64.Build.0 = Release|Any CPU
		{8DFE7AAB-24D6-4A35-AB5C-2845179DDBA0}.Release|x86.ActiveCfg = Release|Any CPU
		{8DFE7AAB-24D6-4A35-AB5C-2845179DDBA0}.Release|x86.Build.0 = Release|Any CPU
		{F2431CCE-754C-4E3E-B626-B9CB403A9AFF}.Debug|Any CPU.ActiveCfg = Debug|Any CPU
		{F2431CCE-754C-4E3E-B626-B9CB403A9AFF}.Debug|Any CPU.Build.0 = Debug|Any CPU
		{F2431CCE-754C-4E3E-B626-B9CB403A9AFF}.Debug|x64.ActiveCfg = Debug|Any CPU
		{F2431CCE-754C-4E3E-B626-B9CB403A9AFF}.Debug|x64.Build.0 = Debug|Any CPU
		{F2431CCE-754C-4E3E-B626-B9CB403A9AFF}.Debug|x86.ActiveCfg = Debug|Any CPU
		{F2431CCE-754C-4E3E-B626-B9CB403A9AFF}.Debug|x86.Build.0 = Debug|Any CPU
		{F2431CCE-754C-4E3E-B626-B9CB403A9AFF}.Release|Any CPU.ActiveCfg = Release|Any CPU
		{F2431CCE-754C-4E3E-B626-B9CB403A9AFF}.Release|Any CPU.Build.0 = Release|Any CPU
		{F2431CCE-754C-4E3E-B626-B9CB403A9AFF}.Release|x64.ActiveCfg = Release|Any CPU
		{F2431CCE-754C-4E3E-B626-B9CB403A9AFF}.Release|x64.Build.0 = Release|Any CPU
		{F2431CCE-754C-4E3E-B626-B9CB403A9AFF}.Release|x86.ActiveCfg = Release|Any CPU
		{F2431CCE-754C-4E3E-B626-B9CB403A9AFF}.Release|x86.Build.0 = Release|Any CPU
		{5A4A3C2E-8C2E-4E0D-B5B7-93CE01485632}.Debug|Any CPU.ActiveCfg = Debug|Any CPU
		{5A4A3C2E-8C2E-4E0D-B5B7-93CE01485632}.Debug|Any CPU.Build.0 = Debug|Any CPU
		{5A4A3C2E-8C2E-4E0D-B5B7-93CE01485632}.Debug|x64.ActiveCfg = Debug|Any CPU
		{5A4A3C2E-8C2E-4E0D-B5B7-93CE01485632}.Debug|x64.Build.0 = Debug|Any CPU
		{5A4A3C2E-8C2E-4E0D-B5B7-93CE01485632}.Debug|x86.ActiveCfg = Debug|Any CPU
		{5A4A3C2E-8C2E-4E0D-B5B7-93CE01485632}.Debug|x86.Build.0 = Debug|Any CPU
		{5A4A3C2E-8C2E-4E0D-B5B7-93CE01485632}.Release|Any CPU.ActiveCfg = Release|Any CPU
		{5A4A3C2E-8C2E-4E0D-B5B7-93CE01485632}.Release|Any CPU.Build.0 = Release|Any CPU
		{5A4A3C2E-8C2E-4E0D-B5B7-93CE01485632}.Release|x64.ActiveCfg = Release|Any CPU
		{5A4A3C2E-8C2E-4E0D-B5B7-93CE01485632}.Release|x64.Build.0 = Release|Any CPU
		{5A4A3C2E-8C2E-4E0D-B5B7-93CE01485632}.Release|x86.ActiveCfg = Release|Any CPU
		{5A4A3C2E-8C2E-4E0D-B5B7-93CE01485632}.Release|x86.Build.0 = Release|Any CPU
		{1252E420-EB71-4DDB-91DD-6BD288ED1841}.Debug|Any CPU.ActiveCfg = Debug|Any CPU
		{1252E420-EB71-4DDB-91DD-6BD288ED1841}.Debug|Any CPU.Build.0 = Debug|Any CPU
		{1252E420-EB71-4DDB-91DD-6BD288ED1841}.Debug|x64.ActiveCfg = Debug|Any CPU
		{1252E420-EB71-4DDB-91DD-6BD288ED1841}.Debug|x64.Build.0 = Debug|Any CPU
		{1252E420-EB71-4DDB-91DD-6BD288ED1841}.Debug|x86.ActiveCfg = Debug|Any CPU
		{1252E420-EB71-4DDB-91DD-6BD288ED1841}.Debug|x86.Build.0 = Debug|Any CPU
		{1252E420-EB71-4DDB-91DD-6BD288ED1841}.Release|Any CPU.ActiveCfg = Release|Any CPU
		{1252E420-EB71-4DDB-91DD-6BD288ED1841}.Release|Any CPU.Build.0 = Release|Any CPU
		{1252E420-EB71-4DDB-91DD-6BD288ED1841}.Release|x64.ActiveCfg = Release|Any CPU
		{1252E420-EB71-4DDB-91DD-6BD288ED1841}.Release|x64.Build.0 = Release|Any CPU
		{1252E420-EB71-4DDB-91DD-6BD288ED1841}.Release|x86.ActiveCfg = Release|Any CPU
		{1252E420-EB71-4DDB-91DD-6BD288ED1841}.Release|x86.Build.0 = Release|Any CPU
		{C97301D2-86B6-4B82-BDA3-0E622E1C1F4A}.Debug|Any CPU.ActiveCfg = Debug|Any CPU
		{C97301D2-86B6-4B82-BDA3-0E622E1C1F4A}.Debug|Any CPU.Build.0 = Debug|Any CPU
		{C97301D2-86B6-4B82-BDA3-0E622E1C1F4A}.Debug|x64.ActiveCfg = Debug|Any CPU
		{C97301D2-86B6-4B82-BDA3-0E622E1C1F4A}.Debug|x64.Build.0 = Debug|Any CPU
		{C97301D2-86B6-4B82-BDA3-0E622E1C1F4A}.Debug|x86.ActiveCfg = Debug|Any CPU
		{C97301D2-86B6-4B82-BDA3-0E622E1C1F4A}.Debug|x86.Build.0 = Debug|Any CPU
		{C97301D2-86B6-4B82-BDA3-0E622E1C1F4A}.Release|Any CPU.ActiveCfg = Release|Any CPU
		{C97301D2-86B6-4B82-BDA3-0E622E1C1F4A}.Release|Any CPU.Build.0 = Release|Any CPU
		{C97301D2-86B6-4B82-BDA3-0E622E1C1F4A}.Release|x64.ActiveCfg = Release|Any CPU
		{C97301D2-86B6-4B82-BDA3-0E622E1C1F4A}.Release|x64.Build.0 = Release|Any CPU
		{C97301D2-86B6-4B82-BDA3-0E622E1C1F4A}.Release|x86.ActiveCfg = Release|Any CPU
		{C97301D2-86B6-4B82-BDA3-0E622E1C1F4A}.Release|x86.Build.0 = Release|Any CPU
		{C9ECBC1C-403C-44A2-904C-CE2023D294A0}.Debug|Any CPU.ActiveCfg = Debug|Any CPU
		{C9ECBC1C-403C-44A2-904C-CE2023D294A0}.Debug|Any CPU.Build.0 = Debug|Any CPU
		{C9ECBC1C-403C-44A2-904C-CE2023D294A0}.Debug|x64.ActiveCfg = Debug|Any CPU
		{C9ECBC1C-403C-44A2-904C-CE2023D294A0}.Debug|x64.Build.0 = Debug|Any CPU
		{C9ECBC1C-403C-44A2-904C-CE2023D294A0}.Debug|x86.ActiveCfg = Debug|Any CPU
		{C9ECBC1C-403C-44A2-904C-CE2023D294A0}.Debug|x86.Build.0 = Debug|Any CPU
		{C9ECBC1C-403C-44A2-904C-CE2023D294A0}.Release|Any CPU.ActiveCfg = Release|Any CPU
		{C9ECBC1C-403C-44A2-904C-CE2023D294A0}.Release|Any CPU.Build.0 = Release|Any CPU
		{C9ECBC1C-403C-44A2-904C-CE2023D294A0}.Release|x64.ActiveCfg = Release|Any CPU
		{C9ECBC1C-403C-44A2-904C-CE2023D294A0}.Release|x64.Build.0 = Release|Any CPU
		{C9ECBC1C-403C-44A2-904C-CE2023D294A0}.Release|x86.ActiveCfg = Release|Any CPU
		{C9ECBC1C-403C-44A2-904C-CE2023D294A0}.Release|x86.Build.0 = Release|Any CPU
		{8CA26DC0-48B6-4D3A-9960-3AF09975DB77}.Debug|Any CPU.ActiveCfg = Debug|Any CPU
		{8CA26DC0-48B6-4D3A-9960-3AF09975DB77}.Debug|Any CPU.Build.0 = Debug|Any CPU
		{8CA26DC0-48B6-4D3A-9960-3AF09975DB77}.Debug|x64.ActiveCfg = Debug|Any CPU
		{8CA26DC0-48B6-4D3A-9960-3AF09975DB77}.Debug|x64.Build.0 = Debug|Any CPU
		{8CA26DC0-48B6-4D3A-9960-3AF09975DB77}.Debug|x86.ActiveCfg = Debug|Any CPU
		{8CA26DC0-48B6-4D3A-9960-3AF09975DB77}.Debug|x86.Build.0 = Debug|Any CPU
		{8CA26DC0-48B6-4D3A-9960-3AF09975DB77}.Release|Any CPU.ActiveCfg = Release|Any CPU
		{8CA26DC0-48B6-4D3A-9960-3AF09975DB77}.Release|Any CPU.Build.0 = Release|Any CPU
		{8CA26DC0-48B6-4D3A-9960-3AF09975DB77}.Release|x64.ActiveCfg = Release|Any CPU
		{8CA26DC0-48B6-4D3A-9960-3AF09975DB77}.Release|x64.Build.0 = Release|Any CPU
		{8CA26DC0-48B6-4D3A-9960-3AF09975DB77}.Release|x86.ActiveCfg = Release|Any CPU
		{8CA26DC0-48B6-4D3A-9960-3AF09975DB77}.Release|x86.Build.0 = Release|Any CPU
	EndGlobalSection
	GlobalSection(SolutionProperties) = preSolution
		HideSolutionNode = FALSE
	EndGlobalSection
	GlobalSection(NestedProjects) = preSolution
		{82519EFB-BF72-45AD-A3E7-A4A8B4A22B95} = {85F582F3-5F85-4DD9-A38C-FA6ECC5A3A11}
		{3CA44610-FFA0-47F5-8F02-45AFC3B0597B} = {85F582F3-5F85-4DD9-A38C-FA6ECC5A3A11}
		{37ACB9BE-90D8-4FC3-89FD-A7AEA471EE8E} = {A36FFC95-3360-40BD-9BC4-4D42B486F61D}
		{5AB1FC1E-AA43-462F-B281-80F152C100C8} = {10BF7866-A99E-448D-9532-D13BC5314D66}
		{8DFE7AAB-24D6-4A35-AB5C-2845179DDBA0} = {5AB1FC1E-AA43-462F-B281-80F152C100C8}
		{B4433BA5-84DB-40EA-A92D-6C26373F7977} = {10BF7866-A99E-448D-9532-D13BC5314D66}
		{F2431CCE-754C-4E3E-B626-B9CB403A9AFF} = {B4433BA5-84DB-40EA-A92D-6C26373F7977}
		{5A4A3C2E-8C2E-4E0D-B5B7-93CE01485632} = {B4433BA5-84DB-40EA-A92D-6C26373F7977}
		{1252E420-EB71-4DDB-91DD-6BD288ED1841} = {B4433BA5-84DB-40EA-A92D-6C26373F7977}
		{C97301D2-86B6-4B82-BDA3-0E622E1C1F4A} = {97067F1F-3056-4F74-B227-15EC7CADC059}
		{C9ECBC1C-403C-44A2-904C-CE2023D294A0} = {5471AB9A-626E-44CB-AC5E-598E009E2BBD}
		{8CA26DC0-48B6-4D3A-9960-3AF09975DB77} = {0F972F67-3B45-4C84-8F5B-3FF8FD89C8F6}
	EndGlobalSection
	GlobalSection(ExtensibilityGlobals) = postSolution
		SolutionGuid = {57B2D5AC-FF75-47D2-99A9-457C6C9E6E90}
	EndGlobalSection
EndGlobal
